
Microsoft Visual Studio Solution File, Format Version 12.00
# Visual Studio 15
VisualStudioVersion = 15.0.27703.2000
MinimumVisualStudioVersion = 10.0.40219.1
Project("{FAE04EC0-301F-11D3-BF4B-00C04F79EFBC}") = "ScrumTableProject", "ScrumTableProject\ScrumTableProject.csproj", "{AFFF9B31-298B-4A79-93A0-0A9E53C80320}"
EndProject
Global
	GlobalSection(SolutionConfigurationPlatforms) = preSolution
		Debug|Any CPU = Debug|Any CPU
		Release|Any CPU = Release|Any CPU
	EndGlobalSection
	GlobalSection(ProjectConfigurationPlatforms) = postSolution
		{AFFF9B31-298B-4A79-93A0-0A9E53C80320}.Debug|Any CPU.ActiveCfg = Debug|Any CPU
		{AFFF9B31-298B-4A79-93A0-0A9E53C80320}.Debug|Any CPU.Build.0 = Debug|Any CPU
		{AFFF9B31-298B-4A79-93A0-0A9E53C80320}.Release|Any CPU.ActiveCfg = Release|Any CPU
		{AFFF9B31-298B-4A79-93A0-0A9E53C80320}.Release|Any CPU.Build.0 = Release|Any CPU
	EndGlobalSection
	GlobalSection(SolutionProperties) = preSolution
		HideSolutionNode = FALSE
	EndGlobalSection
	GlobalSection(ExtensibilityGlobals) = postSolution
		SolutionGuid = {7ABF6D19-A2CE-4F0D-8D81-6D8234375C8E}
	EndGlobalSection
EndGlobal
